
Microsoft Visual Studio Solution File, Format Version 12.00
# Visual Studio Version 17
VisualStudioVersion = 17.11.35219.272
MinimumVisualStudioVersion = 10.0.40219.1
Project("{9A19103F-16F7-4668-BE54-9A1E7A4F7556}") = "TraversalCoreProje", "TraversalCoreProje\TraversalCoreProje.csproj", "{215BF52C-A748-4C0F-8F9D-119213795C13}"
EndProject
Project("{9A19103F-16F7-4668-BE54-9A1E7A4F7556}") = "EntityLayer", "EntityLayer\EntityLayer.csproj", "{287D95C5-0F81-47AB-8AB5-E42585BFE2C7}"
EndProject
Project("{9A19103F-16F7-4668-BE54-9A1E7A4F7556}") = "DataAccessLayer", "DataAccessLayer\DataAccessLayer.csproj", "{7FD8F085-C1AF-48F3-89D9-F03019FC5F12}"
EndProject
Project("{9A19103F-16F7-4668-BE54-9A1E7A4F7556}") = "BusinessLayer", "BusinessLayer\BusinessLayer.csproj", "{6F801D3D-8AAA-48C3-909F-F41899CED402}"
EndProject
Project("{9A19103F-16F7-4668-BE54-9A1E7A4F7556}") = "DTOLayer", "DTOLayer\DTOLayer.csproj", "{7B4C12F7-5057-4EA1-9CD7-175FD2B9C207}"
EndProject
Project("{9A19103F-16F7-4668-BE54-9A1E7A4F7556}") = "SignalRApi", "SignalRApi\SignalRApi.csproj", "{33B8778F-F7FE-4C25-81CA-984D5985B32F}"
EndProject
Project("{FAE04EC0-301F-11D3-BF4B-00C04F79EFBC}") = "SignalRConsume", "SignalRConsume\SignalRConsume.csproj", "{C5844723-0A75-40F2-A3D9-719182C94155}"
EndProject
Global
	GlobalSection(SolutionConfigurationPlatforms) = preSolution
		Debug|Any CPU = Debug|Any CPU
		Release|Any CPU = Release|Any CPU
	EndGlobalSection
	GlobalSection(ProjectConfigurationPlatforms) = postSolution
		{215BF52C-A748-4C0F-8F9D-119213795C13}.Debug|Any CPU.ActiveCfg = Debug|Any CPU
		{215BF52C-A748-4C0F-8F9D-119213795C13}.Debug|Any CPU.Build.0 = Debug|Any CPU
		{215BF52C-A748-4C0F-8F9D-119213795C13}.Release|Any CPU.ActiveCfg = Release|Any CPU
		{215BF52C-A748-4C0F-8F9D-119213795C13}.Release|Any CPU.Build.0 = Release|Any CPU
		{287D95C5-0F81-47AB-8AB5-E42585BFE2C7}.Debug|Any CPU.ActiveCfg = Debug|Any CPU
		{287D95C5-0F81-47AB-8AB5-E42585BFE2C7}.Debug|Any CPU.Build.0 = Debug|Any CPU
		{287D95C5-0F81-47AB-8AB5-E42585BFE2C7}.Release|Any CPU.ActiveCfg = Release|Any CPU
		{287D95C5-0F81-47AB-8AB5-E42585BFE2C7}.Release|Any CPU.Build.0 = Release|Any CPU
		{7FD8F085-C1AF-48F3-89D9-F03019FC5F12}.Debug|Any CPU.ActiveCfg = Debug|Any CPU
		{7FD8F085-C1AF-48F3-89D9-F03019FC5F12}.Debug|Any CPU.Build.0 = Debug|Any CPU
		{7FD8F085-C1AF-48F3-89D9-F03019FC5F12}.Release|Any CPU.ActiveCfg = Release|Any CPU
		{7FD8F085-C1AF-48F3-89D9-F03019FC5F12}.Release|Any CPU.Build.0 = Release|Any CPU
		{6F801D3D-8AAA-48C3-909F-F41899CED402}.Debug|Any CPU.ActiveCfg = Debug|Any CPU
		{6F801D3D-8AAA-48C3-909F-F41899CED402}.Debug|Any CPU.Build.0 = Debug|Any CPU
		{6F801D3D-8AAA-48C3-909F-F41899CED402}.Release|Any CPU.ActiveCfg = Release|Any CPU
		{6F801D3D-8AAA-48C3-909F-F41899CED402}.Release|Any CPU.Build.0 = Release|Any CPU
		{7B4C12F7-5057-4EA1-9CD7-175FD2B9C207}.Debug|Any CPU.ActiveCfg = Debug|Any CPU
		{7B4C12F7-5057-4EA1-9CD7-175FD2B9C207}.Debug|Any CPU.Build.0 = Debug|Any CPU
		{7B4C12F7-5057-4EA1-9CD7-175FD2B9C207}.Release|Any CPU.ActiveCfg = Release|Any CPU
		{7B4C12F7-5057-4EA1-9CD7-175FD2B9C207}.Release|Any CPU.Build.0 = Release|Any CPU
		{33B8778F-F7FE-4C25-81CA-984D5985B32F}.Debug|Any CPU.ActiveCfg = Debug|Any CPU
		{33B8778F-F7FE-4C25-81CA-984D5985B32F}.Debug|Any CPU.Build.0 = Debug|Any CPU
		{33B8778F-F7FE-4C25-81CA-984D5985B32F}.Release|Any CPU.ActiveCfg = Release|Any CPU
		{33B8778F-F7FE-4C25-81CA-984D5985B32F}.Release|Any CPU.Build.0 = Release|Any CPU
		{C5844723-0A75-40F2-A3D9-719182C94155}.Debug|Any CPU.ActiveCfg = Debug|Any CPU
		{C5844723-0A75-40F2-A3D9-719182C94155}.Debug|Any CPU.Build.0 = Debug|Any CPU
		{C5844723-0A75-40F2-A3D9-719182C94155}.Release|Any CPU.ActiveCfg = Release|Any CPU
		{C5844723-0A75-40F2-A3D9-719182C94155}.Release|Any CPU.Build.0 = Release|Any CPU
	EndGlobalSection
	GlobalSection(SolutionProperties) = preSolution
		HideSolutionNode = FALSE
	EndGlobalSection
	GlobalSection(ExtensibilityGlobals) = postSolution
		SolutionGuid = {8ACFA39A-32A3-4B32-B99D-A0D0947CE8C8}
	EndGlobalSection
EndGlobal
